
Microsoft Visual Studio Solution File, Format Version 12.00
# Visual Studio Version 16
VisualStudioVersion = 16.0.30011.22
MinimumVisualStudioVersion = 10.0.40219.1
Project("{8BC9CEB8-8B4A-11D0-8D11-00A0C91BC942}") = "wk2_problem13", "wk2_problem13\wk2_problem13.vcxproj", "{69968BDB-F340-476E-8570-894B033D849B}"
EndProject
Global
	GlobalSection(SolutionConfigurationPlatforms) = preSolution
		Debug|x64 = Debug|x64
		Debug|x86 = Debug|x86
		Release|x64 = Release|x64
		Release|x86 = Release|x86
	EndGlobalSection
	GlobalSection(ProjectConfigurationPlatforms) = postSolution
		{69968BDB-F340-476E-8570-894B033D849B}.Debug|x64.ActiveCfg = Debug|x64
		{69968BDB-F340-476E-8570-894B033D849B}.Debug|x64.Build.0 = Debug|x64
		{69968BDB-F340-476E-8570-894B033D849B}.Debug|x86.ActiveCfg = Debug|Win32
		{69968BDB-F340-476E-8570-894B033D849B}.Debug|x86.Build.0 = Debug|Win32
		{69968BDB-F340-476E-8570-894B033D849B}.Release|x64.ActiveCfg = Release|x64
		{69968BDB-F340-476E-8570-894B033D849B}.Release|x64.Build.0 = Release|x64
		{69968BDB-F340-476E-8570-894B033D849B}.Release|x86.ActiveCfg = Release|Win32
		{69968BDB-F340-476E-8570-894B033D849B}.Release|x86.Build.0 = Release|Win32
	EndGlobalSection
	GlobalSection(SolutionProperties) = preSolution
		HideSolutionNode = FALSE
	EndGlobalSection
	GlobalSection(ExtensibilityGlobals) = postSolution
		SolutionGuid = {EC402C88-3865-4D1B-B77A-1F56A91F36EA}
	EndGlobalSection
EndGlobal
