
Microsoft Visual Studio Solution File, Format Version 12.00
# Visual Studio Version 16
VisualStudioVersion = 16.0.30011.22
MinimumVisualStudioVersion = 10.0.40219.1
Project("{8BC9CEB8-8B4A-11D0-8D11-00A0C91BC942}") = "wk2_problem12", "wk2_problem12\wk2_problem12.vcxproj", "{7ACA385E-748E-41BE-A99D-23B4587A8F80}"
EndProject
Global
	GlobalSection(SolutionConfigurationPlatforms) = preSolution
		Debug|x64 = Debug|x64
		Debug|x86 = Debug|x86
		Release|x64 = Release|x64
		Release|x86 = Release|x86
	EndGlobalSection
	GlobalSection(ProjectConfigurationPlatforms) = postSolution
		{7ACA385E-748E-41BE-A99D-23B4587A8F80}.Debug|x64.ActiveCfg = Debug|x64
		{7ACA385E-748E-41BE-A99D-23B4587A8F80}.Debug|x64.Build.0 = Debug|x64
		{7ACA385E-748E-41BE-A99D-23B4587A8F80}.Debug|x86.ActiveCfg = Debug|Win32
		{7ACA385E-748E-41BE-A99D-23B4587A8F80}.Debug|x86.Build.0 = Debug|Win32
		{7ACA385E-748E-41BE-A99D-23B4587A8F80}.Release|x64.ActiveCfg = Release|x64
		{7ACA385E-748E-41BE-A99D-23B4587A8F80}.Release|x64.Build.0 = Release|x64
		{7ACA385E-748E-41BE-A99D-23B4587A8F80}.Release|x86.ActiveCfg = Release|Win32
		{7ACA385E-748E-41BE-A99D-23B4587A8F80}.Release|x86.Build.0 = Release|Win32
	EndGlobalSection
	GlobalSection(SolutionProperties) = preSolution
		HideSolutionNode = FALSE
	EndGlobalSection
	GlobalSection(ExtensibilityGlobals) = postSolution
		SolutionGuid = {992D3D2A-2670-4BBE-AEA4-A3434AD8A176}
	EndGlobalSection
EndGlobal
